Microsoft Visual Studio Solution File, Format Version 12.00
# Visual Studio Version 17
VisualStudioVersion = 17.2.32630.192
MinimumVisualStudioVersion = 10.0.40219.1
Project("{9A19103F-16F7-4668-BE54-9A1E7A4F7556}") = "XrvSamples.Windows", "XrvSamples.Windows\XrvSamples.Windows.csproj", "{67B341B9-4BC0-4659-A308-B7135C168FC3}"
EndProject
Project("{9A19103F-16F7-4668-BE54-9A1E7A4F7556}") = "XrvSamples", "XrvSamples\XrvSamples.csproj", "{FDD04AAD-6290-47C5-9F72-099A289325BA}"
EndProject
Project("{9A19103F-16F7-4668-BE54-9A1E7A4F7556}") = "XrvSamples.Editor", "XrvSamples.Editor\XrvSamples.Editor.csproj", "{95780E7C-D9B2-46ED-8D18-4DF0A33A3D6F}"
EndProject
Project("{FAE04EC0-301F-11D3-BF4B-00C04F79EFBC}") = "XrvSamples.Quest", "XrvSamples.Quest\XrvSamples.Quest.csproj", "{73EB9523-F1B3-408B-9B73-B8CA9E74971F}"
EndProject
Project("{FAE04EC0-301F-11D3-BF4B-00C04F79EFBC}") = "XrvSamples.UWP.MixedReality", "XrvSamples.UWP.MixedReality\XrvSamples.UWP.MixedReality.csproj", "{A0434164-58E1-4B51-AEF3-BBCF5C1BF583}"
EndProject
Project("{2150E333-8FDC-42A3-9474-1A3956D46DE8}") = "Xrv", "Xrv", "{1E9D3077-48AA-4327-ABBD-445DCB348F8E}"
EndProject
Project("{9A19103F-16F7-4668-BE54-9A1E7A4F7556}") = "Xrv.Core", "..\src\Xrv.Core\Xrv.Core.csproj", "{07B43F4E-90D3-4A56-9E6A-7D981F1223F9}"
EndProject
Project("{2150E333-8FDC-42A3-9474-1A3956D46DE8}") = "MRTK", "MRTK", "{913B06E8-21BC-4049-9890-FB5AA6736DDA}"
EndProject
Project("{9A19103F-16F7-4668-BE54-9A1E7A4F7556}") = "Evergine.MRTK", "..\submodules\MRTK\Source\Evergine.MRTK\Evergine.MRTK.csproj", "{CFD23358-C296-488A-84BF-6729A72D52C3}"
EndProject
Project("{9A19103F-16F7-4668-BE54-9A1E7A4F7556}") = "Evergine.MRTK.Editor", "..\submodules\MRTK\Source\Evergine.MRTK.Editor\Evergine.MRTK.Editor.csproj", "{5748A89E-69F8-45D3-A9C3-8AC3414F2580}"
EndProject
Project("{2150E333-8FDC-42A3-9474-1A3956D46DE8}") = "Modules", "Modules", "{C76D85BC-1D7B-4800-A03C-F5AADCDF9A9C}"
EndProject
Project("{9A19103F-16F7-4668-BE54-9A1E7A4F7556}") = "Xrv.Ruler", "..\src\modules\Ruler\src\Xrv.Ruler.csproj", "{C05A2774-CE32-4F55-8ACC-BE3E9151C85F}"
EndProject
Project("{9A19103F-16F7-4668-BE54-9A1E7A4F7556}") = "Xrv.LoadModel", "..\src\modules\LoadModel\src\Xrv.LoadModel.csproj", "{0D4E7465-0B84-4CBB-BF91-F23B2E76F527}"
Project("{9A19103F-16F7-4668-BE54-9A1E7A4F7556}") = "Xrv.AudioNote", "..\src\modules\AudioNote\src\Xrv.AudioNote.csproj", "{38B8E6E2-1AF0-40F2-ABF4-C8C1F160931D}"
EndProject
Project("{FAE04EC0-301F-11D3-BF4B-00C04F79EFBC}") = "XrvSamples.UWP", "XrvSamples.UWP\XrvSamples.UWP.csproj", "{4EDB5F4A-6CC4-4276-B531-149748FAADD3}"
EndProject
Project("{FAE04EC0-301F-11D3-BF4B-00C04F79EFBC}") = "XrvSamples.Android", "XrvSamples.Android\XrvSamples.Android.csproj", "{D128267A-C964-4BC1-84D0-384A649B6D58}"
EndProject
Project("{2150E333-8FDC-42A3-9474-1A3956D46DE8}") = "Other Launchers", "Other Launchers", "{24625E35-46B9-47DD-AE7C-6B96710A0674}"
EndProject
Project("{9A19103F-16F7-4668-BE54-9A1E7A4F7556}") = "Xrv.ImageGallery", "..\src\modules\ImageGallery\src\Xrv.ImageGallery.csproj", "{44135766-9336-48D9-90DF-7D90D8E2F3FF}"
EndProject
Project("{9A19103F-16F7-4668-BE54-9A1E7A4F7556}") = "Xrv.Painter", "..\src\modules\Painter\src\Xrv.Painter.csproj", "{DBED5F1A-815D-420B-99F7-5287FE6C5198}"
EndProject
Global
	GlobalSection(SolutionConfigurationPlatforms) = preSolution
		Debug|Any CPU = Debug|Any CPU
		Debug|ARM64 = Debug|ARM64
		Debug|x64 = Debug|x64
		Debug|x86 = Debug|x86
		Release|Any CPU = Release|Any CPU
		Release|ARM64 = Release|ARM64
		Release|x64 = Release|x64
		Release|x86 = Release|x86
	EndGlobalSection
	GlobalSection(ProjectConfigurationPlatforms) = postSolution
		{67B341B9-4BC0-4659-A308-B7135C168FC3}.Debug|Any CPU.ActiveCfg = Debug|Any CPU
		{67B341B9-4BC0-4659-A308-B7135C168FC3}.Debug|Any CPU.Build.0 = Debug|Any CPU
		{67B341B9-4BC0-4659-A308-B7135C168FC3}.Debug|ARM64.ActiveCfg = Debug|Any CPU
		{67B341B9-4BC0-4659-A308-B7135C168FC3}.Debug|ARM64.Build.0 = Debug|Any CPU
		{67B341B9-4BC0-4659-A308-B7135C168FC3}.Debug|x64.ActiveCfg = Debug|Any CPU
		{67B341B9-4BC0-4659-A308-B7135C168FC3}.Debug|x64.Build.0 = Debug|Any CPU
		{67B341B9-4BC0-4659-A308-B7135C168FC3}.Debug|x86.ActiveCfg = Debug|Any CPU
		{67B341B9-4BC0-4659-A308-B7135C168FC3}.Debug|x86.Build.0 = Debug|Any CPU
		{67B341B9-4BC0-4659-A308-B7135C168FC3}.Release|Any CPU.ActiveCfg = Release|Any CPU
		{67B341B9-4BC0-4659-A308-B7135C168FC3}.Release|Any CPU.Build.0 = Release|Any CPU
		{67B341B9-4BC0-4659-A308-B7135C168FC3}.Release|ARM64.ActiveCfg = Release|Any CPU
		{67B341B9-4BC0-4659-A308-B7135C168FC3}.Release|ARM64.Build.0 = Release|Any CPU
		{67B341B9-4BC0-4659-A308-B7135C168FC3}.Release|x64.ActiveCfg = Release|Any CPU
		{67B341B9-4BC0-4659-A308-B7135C168FC3}.Release|x64.Build.0 = Release|Any CPU
		{67B341B9-4BC0-4659-A308-B7135C168FC3}.Release|x86.ActiveCfg = Release|Any CPU
		{67B341B9-4BC0-4659-A308-B7135C168FC3}.Release|x86.Build.0 = Release|Any CPU
		{FDD04AAD-6290-47C5-9F72-099A289325BA}.Debug|Any CPU.ActiveCfg = Debug|Any CPU
		{FDD04AAD-6290-47C5-9F72-099A289325BA}.Debug|Any CPU.Build.0 = Debug|Any CPU
		{FDD04AAD-6290-47C5-9F72-099A289325BA}.Debug|ARM64.ActiveCfg = Debug|Any CPU
		{FDD04AAD-6290-47C5-9F72-099A289325BA}.Debug|ARM64.Build.0 = Debug|Any CPU
		{FDD04AAD-6290-47C5-9F72-099A289325BA}.Debug|x64.ActiveCfg = Debug|Any CPU
		{FDD04AAD-6290-47C5-9F72-099A289325BA}.Debug|x64.Build.0 = Debug|Any CPU
		{FDD04AAD-6290-47C5-9F72-099A289325BA}.Debug|x86.ActiveCfg = Debug|Any CPU
		{FDD04AAD-6290-47C5-9F72-099A289325BA}.Debug|x86.Build.0 = Debug|Any CPU
		{FDD04AAD-6290-47C5-9F72-099A289325BA}.Release|Any CPU.ActiveCfg = Release|Any CPU
		{FDD04AAD-6290-47C5-9F72-099A289325BA}.Release|Any CPU.Build.0 = Release|Any CPU
		{FDD04AAD-6290-47C5-9F72-099A289325BA}.Release|ARM64.ActiveCfg = Release|Any CPU
		{FDD04AAD-6290-47C5-9F72-099A289325BA}.Release|ARM64.Build.0 = Release|Any CPU
		{FDD04AAD-6290-47C5-9F72-099A289325BA}.Release|x64.ActiveCfg = Release|Any CPU
		{FDD04AAD-6290-47C5-9F72-099A289325BA}.Release|x64.Build.0 = Release|Any CPU
		{FDD04AAD-6290-47C5-9F72-099A289325BA}.Release|x86.ActiveCfg = Release|Any CPU
		{FDD04AAD-6290-47C5-9F72-099A289325BA}.Release|x86.Build.0 = Release|Any CPU
		{95780E7C-D9B2-46ED-8D18-4DF0A33A3D6F}.Debug|Any CPU.ActiveCfg = Debug|Any CPU
		{95780E7C-D9B2-46ED-8D18-4DF0A33A3D6F}.Debug|Any CPU.Build.0 = Debug|Any CPU
		{95780E7C-D9B2-46ED-8D18-4DF0A33A3D6F}.Debug|ARM64.ActiveCfg = Debug|Any CPU
		{95780E7C-D9B2-46ED-8D18-4DF0A33A3D6F}.Debug|ARM64.Build.0 = Debug|Any CPU
		{95780E7C-D9B2-46ED-8D18-4DF0A33A3D6F}.Debug|x64.ActiveCfg = Debug|Any CPU
		{95780E7C-D9B2-46ED-8D18-4DF0A33A3D6F}.Debug|x64.Build.0 = Debug|Any CPU
		{95780E7C-D9B2-46ED-8D18-4DF0A33A3D6F}.Debug|x86.ActiveCfg = Debug|Any CPU
		{95780E7C-D9B2-46ED-8D18-4DF0A33A3D6F}.Debug|x86.Build.0 = Debug|Any CPU
		{95780E7C-D9B2-46ED-8D18-4DF0A33A3D6F}.Release|Any CPU.ActiveCfg = Release|Any CPU
		{95780E7C-D9B2-46ED-8D18-4DF0A33A3D6F}.Release|Any CPU.Build.0 = Release|Any CPU
		{95780E7C-D9B2-46ED-8D18-4DF0A33A3D6F}.Release|ARM64.ActiveCfg = Release|Any CPU
		{95780E7C-D9B2-46ED-8D18-4DF0A33A3D6F}.Release|ARM64.Build.0 = Release|Any CPU
		{95780E7C-D9B2-46ED-8D18-4DF0A33A3D6F}.Release|x64.ActiveCfg = Release|Any CPU
		{95780E7C-D9B2-46ED-8D18-4DF0A33A3D6F}.Release|x64.Build.0 = Release|Any CPU
		{95780E7C-D9B2-46ED-8D18-4DF0A33A3D6F}.Release|x86.ActiveCfg = Release|Any CPU
		{95780E7C-D9B2-46ED-8D18-4DF0A33A3D6F}.Release|x86.Build.0 = Release|Any CPU
		{73EB9523-F1B3-408B-9B73-B8CA9E74971F}.Debug|Any CPU.ActiveCfg = Debug|Any CPU
		{73EB9523-F1B3-408B-9B73-B8CA9E74971F}.Debug|Any CPU.Build.0 = Debug|Any CPU
		{73EB9523-F1B3-408B-9B73-B8CA9E74971F}.Debug|Any CPU.Deploy.0 = Debug|Any CPU
		{73EB9523-F1B3-408B-9B73-B8CA9E74971F}.Debug|ARM64.ActiveCfg = Debug|Any CPU
		{73EB9523-F1B3-408B-9B73-B8CA9E74971F}.Debug|ARM64.Build.0 = Debug|Any CPU
		{73EB9523-F1B3-408B-9B73-B8CA9E74971F}.Debug|ARM64.Deploy.0 = Debug|Any CPU
		{73EB9523-F1B3-408B-9B73-B8CA9E74971F}.Debug|x64.ActiveCfg = Debug|Any CPU
		{73EB9523-F1B3-408B-9B73-B8CA9E74971F}.Debug|x64.Build.0 = Debug|Any CPU
		{73EB9523-F1B3-408B-9B73-B8CA9E74971F}.Debug|x64.Deploy.0 = Debug|Any CPU
		{73EB9523-F1B3-408B-9B73-B8CA9E74971F}.Debug|x86.ActiveCfg = Debug|Any CPU
		{73EB9523-F1B3-408B-9B73-B8CA9E74971F}.Debug|x86.Build.0 = Debug|Any CPU
		{73EB9523-F1B3-408B-9B73-B8CA9E74971F}.Debug|x86.Deploy.0 = Debug|Any CPU
		{73EB9523-F1B3-408B-9B73-B8CA9E74971F}.Release|Any CPU.ActiveCfg = Release|Any CPU
		{73EB9523-F1B3-408B-9B73-B8CA9E74971F}.Release|Any CPU.Build.0 = Release|Any CPU
		{73EB9523-F1B3-408B-9B73-B8CA9E74971F}.Release|Any CPU.Deploy.0 = Release|Any CPU
		{73EB9523-F1B3-408B-9B73-B8CA9E74971F}.Release|ARM64.ActiveCfg = Release|Any CPU
		{73EB9523-F1B3-408B-9B73-B8CA9E74971F}.Release|ARM64.Build.0 = Release|Any CPU
		{73EB9523-F1B3-408B-9B73-B8CA9E74971F}.Release|ARM64.Deploy.0 = Release|Any CPU
		{73EB9523-F1B3-408B-9B73-B8CA9E74971F}.Release|x64.ActiveCfg = Release|Any CPU
		{73EB9523-F1B3-408B-9B73-B8CA9E74971F}.Release|x64.Build.0 = Release|Any CPU
		{73EB9523-F1B3-408B-9B73-B8CA9E74971F}.Release|x64.Deploy.0 = Release|Any CPU
		{73EB9523-F1B3-408B-9B73-B8CA9E74971F}.Release|x86.ActiveCfg = Release|Any CPU
		{73EB9523-F1B3-408B-9B73-B8CA9E74971F}.Release|x86.Build.0 = Release|Any CPU
		{73EB9523-F1B3-408B-9B73-B8CA9E74971F}.Release|x86.Deploy.0 = Release|Any CPU
		{A0434164-58E1-4B51-AEF3-BBCF5C1BF583}.Debug|Any CPU.ActiveCfg = Debug|x64
		{A0434164-58E1-4B51-AEF3-BBCF5C1BF583}.Debug|Any CPU.Build.0 = Debug|x64
		{A0434164-58E1-4B51-AEF3-BBCF5C1BF583}.Debug|Any CPU.Deploy.0 = Debug|x64
		{A0434164-58E1-4B51-AEF3-BBCF5C1BF583}.Debug|ARM64.ActiveCfg = Debug|ARM64
		{A0434164-58E1-4B51-AEF3-BBCF5C1BF583}.Debug|ARM64.Build.0 = Debug|ARM64
		{A0434164-58E1-4B51-AEF3-BBCF5C1BF583}.Debug|ARM64.Deploy.0 = Debug|ARM64
		{A0434164-58E1-4B51-AEF3-BBCF5C1BF583}.Debug|x64.ActiveCfg = Debug|x64
		{A0434164-58E1-4B51-AEF3-BBCF5C1BF583}.Debug|x64.Build.0 = Debug|x64
		{A0434164-58E1-4B51-AEF3-BBCF5C1BF583}.Debug|x64.Deploy.0 = Debug|x64
		{A0434164-58E1-4B51-AEF3-BBCF5C1BF583}.Debug|x86.ActiveCfg = Debug|x86
		{A0434164-58E1-4B51-AEF3-BBCF5C1BF583}.Debug|x86.Build.0 = Debug|x86
		{A0434164-58E1-4B51-AEF3-BBCF5C1BF583}.Debug|x86.Deploy.0 = Debug|x86
		{A0434164-58E1-4B51-AEF3-BBCF5C1BF583}.Release|Any CPU.ActiveCfg = Release|x64
		{A0434164-58E1-4B51-AEF3-BBCF5C1BF583}.Release|Any CPU.Build.0 = Release|x64
		{A0434164-58E1-4B51-AEF3-BBCF5C1BF583}.Release|Any CPU.Deploy.0 = Release|x64
		{A0434164-58E1-4B51-AEF3-BBCF5C1BF583}.Release|ARM64.ActiveCfg = Release|ARM64
		{A0434164-58E1-4B51-AEF3-BBCF5C1BF583}.Release|ARM64.Build.0 = Release|ARM64
		{A0434164-58E1-4B51-AEF3-BBCF5C1BF583}.Release|ARM64.Deploy.0 = Release|ARM64
		{A0434164-58E1-4B51-AEF3-BBCF5C1BF583}.Release|x64.ActiveCfg = Release|x64
		{A0434164-58E1-4B51-AEF3-BBCF5C1BF583}.Release|x64.Build.0 = Release|x64
		{A0434164-58E1-4B51-AEF3-BBCF5C1BF583}.Release|x64.Deploy.0 = Release|x64
		{A0434164-58E1-4B51-AEF3-BBCF5C1BF583}.Release|x86.ActiveCfg = Release|x86
		{A0434164-58E1-4B51-AEF3-BBCF5C1BF583}.Release|x86.Build.0 = Release|x86
		{A0434164-58E1-4B51-AEF3-BBCF5C1BF583}.Release|x86.Deploy.0 = Release|x86
		{07B43F4E-90D3-4A56-9E6A-7D981F1223F9}.Debug|Any CPU.ActiveCfg = Debug|Any CPU
		{07B43F4E-90D3-4A56-9E6A-7D981F1223F9}.Debug|Any CPU.Build.0 = Debug|Any CPU
		{07B43F4E-90D3-4A56-9E6A-7D981F1223F9}.Debug|ARM64.ActiveCfg = Debug|Any CPU
		{07B43F4E-90D3-4A56-9E6A-7D981F1223F9}.Debug|ARM64.Build.0 = Debug|Any CPU
		{07B43F4E-90D3-4A56-9E6A-7D981F1223F9}.Debug|x64.ActiveCfg = Debug|Any CPU
		{07B43F4E-90D3-4A56-9E6A-7D981F1223F9}.Debug|x64.Build.0 = Debug|Any CPU
		{07B43F4E-90D3-4A56-9E6A-7D981F1223F9}.Debug|x86.ActiveCfg = Debug|Any CPU
		{07B43F4E-90D3-4A56-9E6A-7D981F1223F9}.Debug|x86.Build.0 = Debug|Any CPU
		{07B43F4E-90D3-4A56-9E6A-7D981F1223F9}.Release|Any CPU.ActiveCfg = Release|Any CPU
		{07B43F4E-90D3-4A56-9E6A-7D981F1223F9}.Release|Any CPU.Build.0 = Release|Any CPU
		{07B43F4E-90D3-4A56-9E6A-7D981F1223F9}.Release|ARM64.ActiveCfg = Release|Any CPU
		{07B43F4E-90D3-4A56-9E6A-7D981F1223F9}.Release|ARM64.Build.0 = Release|Any CPU
		{07B43F4E-90D3-4A56-9E6A-7D981F1223F9}.Release|x64.ActiveCfg = Release|Any CPU
		{07B43F4E-90D3-4A56-9E6A-7D981F1223F9}.Release|x64.Build.0 = Release|Any CPU
		{07B43F4E-90D3-4A56-9E6A-7D981F1223F9}.Release|x86.ActiveCfg = Release|Any CPU
		{07B43F4E-90D3-4A56-9E6A-7D981F1223F9}.Release|x86.Build.0 = Release|Any CPU
		{CFD23358-C296-488A-84BF-6729A72D52C3}.Debug|Any CPU.ActiveCfg = Debug|Any CPU
		{CFD23358-C296-488A-84BF-6729A72D52C3}.Debug|Any CPU.Build.0 = Debug|Any CPU
		{CFD23358-C296-488A-84BF-6729A72D52C3}.Debug|ARM64.ActiveCfg = Debug|Any CPU
		{CFD23358-C296-488A-84BF-6729A72D52C3}.Debug|ARM64.Build.0 = Debug|Any CPU
		{CFD23358-C296-488A-84BF-6729A72D52C3}.Debug|x64.ActiveCfg = Debug|Any CPU
		{CFD23358-C296-488A-84BF-6729A72D52C3}.Debug|x64.Build.0 = Debug|Any CPU
		{CFD23358-C296-488A-84BF-6729A72D52C3}.Debug|x86.ActiveCfg = Debug|Any CPU
		{CFD23358-C296-488A-84BF-6729A72D52C3}.Debug|x86.Build.0 = Debug|Any CPU
		{CFD23358-C296-488A-84BF-6729A72D52C3}.Release|Any CPU.ActiveCfg = Release|Any CPU
		{CFD23358-C296-488A-84BF-6729A72D52C3}.Release|Any CPU.Build.0 = Release|Any CPU
		{CFD23358-C296-488A-84BF-6729A72D52C3}.Release|ARM64.ActiveCfg = Release|Any CPU
		{CFD23358-C296-488A-84BF-6729A72D52C3}.Release|ARM64.Build.0 = Release|Any CPU
		{CFD23358-C296-488A-84BF-6729A72D52C3}.Release|x64.ActiveCfg = Release|Any CPU
		{CFD23358-C296-488A-84BF-6729A72D52C3}.Release|x64.Build.0 = Release|Any CPU
		{CFD23358-C296-488A-84BF-6729A72D52C3}.Release|x86.ActiveCfg = Release|Any CPU
		{CFD23358-C296-488A-84BF-6729A72D52C3}.Release|x86.Build.0 = Release|Any CPU
		{5748A89E-69F8-45D3-A9C3-8AC3414F2580}.Debug|Any CPU.ActiveCfg = Debug|Any CPU
		{5748A89E-69F8-45D3-A9C3-8AC3414F2580}.Debug|Any CPU.Build.0 = Debug|Any CPU
		{5748A89E-69F8-45D3-A9C3-8AC3414F2580}.Debug|ARM64.ActiveCfg = Debug|Any CPU
		{5748A89E-69F8-45D3-A9C3-8AC3414F2580}.Debug|ARM64.Build.0 = Debug|Any CPU
		{5748A89E-69F8-45D3-A9C3-8AC3414F2580}.Debug|x64.ActiveCfg = Debug|Any CPU
		{5748A89E-69F8-45D3-A9C3-8AC3414F2580}.Debug|x64.Build.0 = Debug|Any CPU
		{5748A89E-69F8-45D3-A9C3-8AC3414F2580}.Debug|x86.ActiveCfg = Debug|Any CPU
		{5748A89E-69F8-45D3-A9C3-8AC3414F2580}.Debug|x86.Build.0 = Debug|Any CPU
		{5748A89E-69F8-45D3-A9C3-8AC3414F2580}.Release|Any CPU.ActiveCfg = Release|Any CPU
		{5748A89E-69F8-45D3-A9C3-8AC3414F2580}.Release|Any CPU.Build.0 = Release|Any CPU
		{5748A89E-69F8-45D3-A9C3-8AC3414F2580}.Release|ARM64.ActiveCfg = Release|Any CPU
		{5748A89E-69F8-45D3-A9C3-8AC3414F2580}.Release|ARM64.Build.0 = Release|Any CPU
		{5748A89E-69F8-45D3-A9C3-8AC3414F2580}.Release|x64.ActiveCfg = Release|Any CPU
		{5748A89E-69F8-45D3-A9C3-8AC3414F2580}.Release|x64.Build.0 = Release|Any CPU
		{5748A89E-69F8-45D3-A9C3-8AC3414F2580}.Release|x86.ActiveCfg = Release|Any CPU
		{5748A89E-69F8-45D3-A9C3-8AC3414F2580}.Release|x86.Build.0 = Release|Any CPU
		{C05A2774-CE32-4F55-8ACC-BE3E9151C85F}.Debug|Any CPU.ActiveCfg = Debug|Any CPU
		{C05A2774-CE32-4F55-8ACC-BE3E9151C85F}.Debug|Any CPU.Build.0 = Debug|Any CPU
		{C05A2774-CE32-4F55-8ACC-BE3E9151C85F}.Debug|ARM64.ActiveCfg = Debug|Any CPU
		{C05A2774-CE32-4F55-8ACC-BE3E9151C85F}.Debug|ARM64.Build.0 = Debug|Any CPU
		{C05A2774-CE32-4F55-8ACC-BE3E9151C85F}.Debug|x64.ActiveCfg = Debug|Any CPU
		{C05A2774-CE32-4F55-8ACC-BE3E9151C85F}.Debug|x64.Build.0 = Debug|Any CPU
		{C05A2774-CE32-4F55-8ACC-BE3E9151C85F}.Debug|x86.ActiveCfg = Debug|Any CPU
		{C05A2774-CE32-4F55-8ACC-BE3E9151C85F}.Debug|x86.Build.0 = Debug|Any CPU
		{C05A2774-CE32-4F55-8ACC-BE3E9151C85F}.Release|Any CPU.ActiveCfg = Release|Any CPU
		{C05A2774-CE32-4F55-8ACC-BE3E9151C85F}.Release|Any CPU.Build.0 = Release|Any CPU
		{C05A2774-CE32-4F55-8ACC-BE3E9151C85F}.Release|ARM64.ActiveCfg = Release|Any CPU
		{C05A2774-CE32-4F55-8ACC-BE3E9151C85F}.Release|ARM64.Build.0 = Release|Any CPU
		{C05A2774-CE32-4F55-8ACC-BE3E9151C85F}.Release|x64.ActiveCfg = Release|Any CPU
		{C05A2774-CE32-4F55-8ACC-BE3E9151C85F}.Release|x64.Build.0 = Release|Any CPU
		{C05A2774-CE32-4F55-8ACC-BE3E9151C85F}.Release|x86.ActiveCfg = Release|Any CPU
		{C05A2774-CE32-4F55-8ACC-BE3E9151C85F}.Release|x86.Build.0 = Release|Any CPU
		{38B8E6E2-1AF0-40F2-ABF4-C8C1F160931D}.Debug|Any CPU.ActiveCfg = Debug|Any CPU
		{38B8E6E2-1AF0-40F2-ABF4-C8C1F160931D}.Debug|Any CPU.Build.0 = Debug|Any CPU
		{38B8E6E2-1AF0-40F2-ABF4-C8C1F160931D}.Debug|ARM64.ActiveCfg = Debug|Any CPU
		{38B8E6E2-1AF0-40F2-ABF4-C8C1F160931D}.Debug|ARM64.Build.0 = Debug|Any CPU
		{38B8E6E2-1AF0-40F2-ABF4-C8C1F160931D}.Debug|x64.ActiveCfg = Debug|Any CPU
		{38B8E6E2-1AF0-40F2-ABF4-C8C1F160931D}.Debug|x64.Build.0 = Debug|Any CPU
		{38B8E6E2-1AF0-40F2-ABF4-C8C1F160931D}.Debug|x86.ActiveCfg = Debug|Any CPU
		{38B8E6E2-1AF0-40F2-ABF4-C8C1F160931D}.Debug|x86.Build.0 = Debug|Any CPU
		{38B8E6E2-1AF0-40F2-ABF4-C8C1F160931D}.Release|Any CPU.ActiveCfg = Release|Any CPU
		{38B8E6E2-1AF0-40F2-ABF4-C8C1F160931D}.Release|Any CPU.Build.0 = Release|Any CPU
		{38B8E6E2-1AF0-40F2-ABF4-C8C1F160931D}.Release|ARM64.ActiveCfg = Release|Any CPU
		{38B8E6E2-1AF0-40F2-ABF4-C8C1F160931D}.Release|ARM64.Build.0 = Release|Any CPU
		{38B8E6E2-1AF0-40F2-ABF4-C8C1F160931D}.Release|x64.ActiveCfg = Release|Any CPU
		{38B8E6E2-1AF0-40F2-ABF4-C8C1F160931D}.Release|x64.Build.0 = Release|Any CPU
		{38B8E6E2-1AF0-40F2-ABF4-C8C1F160931D}.Release|x86.ActiveCfg = Release|Any CPU
		{38B8E6E2-1AF0-40F2-ABF4-C8C1F160931D}.Release|x86.Build.0 = Release|Any CPU
		{0D4E7465-0B84-4CBB-BF91-F23B2E76F527}.Debug|Any CPU.ActiveCfg = Debug|Any CPU
		{0D4E7465-0B84-4CBB-BF91-F23B2E76F527}.Debug|Any CPU.Build.0 = Debug|Any CPU
		{0D4E7465-0B84-4CBB-BF91-F23B2E76F527}.Debug|ARM64.ActiveCfg = Debug|Any CPU
		{0D4E7465-0B84-4CBB-BF91-F23B2E76F527}.Debug|ARM64.Build.0 = Debug|Any CPU
		{0D4E7465-0B84-4CBB-BF91-F23B2E76F527}.Debug|x64.ActiveCfg = Debug|Any CPU
		{0D4E7465-0B84-4CBB-BF91-F23B2E76F527}.Debug|x64.Build.0 = Debug|Any CPU
		{0D4E7465-0B84-4CBB-BF91-F23B2E76F527}.Debug|x86.ActiveCfg = Debug|Any CPU
		{0D4E7465-0B84-4CBB-BF91-F23B2E76F527}.Debug|x86.Build.0 = Debug|Any CPU
		{0D4E7465-0B84-4CBB-BF91-F23B2E76F527}.Release|Any CPU.ActiveCfg = Release|Any CPU
		{0D4E7465-0B84-4CBB-BF91-F23B2E76F527}.Release|Any CPU.Build.0 = Release|Any CPU
		{0D4E7465-0B84-4CBB-BF91-F23B2E76F527}.Release|ARM64.ActiveCfg = Release|Any CPU
		{0D4E7465-0B84-4CBB-BF91-F23B2E76F527}.Release|ARM64.Build.0 = Release|Any CPU
		{0D4E7465-0B84-4CBB-BF91-F23B2E76F527}.Release|x64.ActiveCfg = Release|Any CPU
		{0D4E7465-0B84-4CBB-BF91-F23B2E76F527}.Release|x64.Build.0 = Release|Any CPU
		{0D4E7465-0B84-4CBB-BF91-F23B2E76F527}.Release|x86.ActiveCfg = Release|Any CPU
		{0D4E7465-0B84-4CBB-BF91-F23B2E76F527}.Release|x86.Build.0 = Release|Any CPU
		{4EDB5F4A-6CC4-4276-B531-149748FAADD3}.Debug|Any CPU.ActiveCfg = Debug|x64
		{4EDB5F4A-6CC4-4276-B531-149748FAADD3}.Debug|Any CPU.Build.0 = Debug|x64
		{4EDB5F4A-6CC4-4276-B531-149748FAADD3}.Debug|Any CPU.Deploy.0 = Debug|x64
		{4EDB5F4A-6CC4-4276-B531-149748FAADD3}.Debug|ARM64.ActiveCfg = Debug|ARM64
		{4EDB5F4A-6CC4-4276-B531-149748FAADD3}.Debug|ARM64.Build.0 = Debug|ARM64
		{4EDB5F4A-6CC4-4276-B531-149748FAADD3}.Debug|ARM64.Deploy.0 = Debug|ARM64
		{4EDB5F4A-6CC4-4276-B531-149748FAADD3}.Debug|x64.ActiveCfg = Debug|x64
		{4EDB5F4A-6CC4-4276-B531-149748FAADD3}.Debug|x64.Build.0 = Debug|x64
		{4EDB5F4A-6CC4-4276-B531-149748FAADD3}.Debug|x64.Deploy.0 = Debug|x64
		{4EDB5F4A-6CC4-4276-B531-149748FAADD3}.Debug|x86.ActiveCfg = Debug|x86
		{4EDB5F4A-6CC4-4276-B531-149748FAADD3}.Debug|x86.Build.0 = Debug|x86
		{4EDB5F4A-6CC4-4276-B531-149748FAADD3}.Debug|x86.Deploy.0 = Debug|x86
		{4EDB5F4A-6CC4-4276-B531-149748FAADD3}.Release|Any CPU.ActiveCfg = Release|x64
		{4EDB5F4A-6CC4-4276-B531-149748FAADD3}.Release|Any CPU.Build.0 = Release|x64
		{4EDB5F4A-6CC4-4276-B531-149748FAADD3}.Release|Any CPU.Deploy.0 = Release|x64
		{4EDB5F4A-6CC4-4276-B531-149748FAADD3}.Release|ARM64.ActiveCfg = Release|ARM64
		{4EDB5F4A-6CC4-4276-B531-149748FAADD3}.Release|ARM64.Build.0 = Release|ARM64
		{4EDB5F4A-6CC4-4276-B531-149748FAADD3}.Release|ARM64.Deploy.0 = Release|ARM64
		{4EDB5F4A-6CC4-4276-B531-149748FAADD3}.Release|x64.ActiveCfg = Release|x64
		{4EDB5F4A-6CC4-4276-B531-149748FAADD3}.Release|x64.Build.0 = Release|x64
		{4EDB5F4A-6CC4-4276-B531-149748FAADD3}.Release|x64.Deploy.0 = Release|x64
		{4EDB5F4A-6CC4-4276-B531-149748FAADD3}.Release|x86.ActiveCfg = Release|x86
		{4EDB5F4A-6CC4-4276-B531-149748FAADD3}.Release|x86.Build.0 = Release|x86
		{4EDB5F4A-6CC4-4276-B531-149748FAADD3}.Release|x86.Deploy.0 = Release|x86
		{D128267A-C964-4BC1-84D0-384A649B6D58}.Debug|Any CPU.ActiveCfg = Debug|Any CPU
		{D128267A-C964-4BC1-84D0-384A649B6D58}.Debug|Any CPU.Build.0 = Debug|Any CPU
		{D128267A-C964-4BC1-84D0-384A649B6D58}.Debug|Any CPU.Deploy.0 = Debug|Any CPU
		{D128267A-C964-4BC1-84D0-384A649B6D58}.Debug|ARM64.ActiveCfg = Debug|Any CPU
		{D128267A-C964-4BC1-84D0-384A649B6D58}.Debug|ARM64.Build.0 = Debug|Any CPU
		{D128267A-C964-4BC1-84D0-384A649B6D58}.Debug|ARM64.Deploy.0 = Debug|Any CPU
		{D128267A-C964-4BC1-84D0-384A649B6D58}.Debug|x64.ActiveCfg = Debug|Any CPU
		{D128267A-C964-4BC1-84D0-384A649B6D58}.Debug|x64.Build.0 = Debug|Any CPU
		{D128267A-C964-4BC1-84D0-384A649B6D58}.Debug|x64.Deploy.0 = Debug|Any CPU
		{D128267A-C964-4BC1-84D0-384A649B6D58}.Debug|x86.ActiveCfg = Debug|Any CPU
		{D128267A-C964-4BC1-84D0-384A649B6D58}.Debug|x86.Build.0 = Debug|Any CPU
		{D128267A-C964-4BC1-84D0-384A649B6D58}.Debug|x86.Deploy.0 = Debug|Any CPU
		{D128267A-C964-4BC1-84D0-384A649B6D58}.Release|Any CPU.ActiveCfg = Release|Any CPU
		{D128267A-C964-4BC1-84D0-384A649B6D58}.Release|Any CPU.Build.0 = Release|Any CPU
		{D128267A-C964-4BC1-84D0-384A649B6D58}.Release|Any CPU.Deploy.0 = Release|Any CPU
		{D128267A-C964-4BC1-84D0-384A649B6D58}.Release|ARM64.ActiveCfg = Release|Any CPU
		{D128267A-C964-4BC1-84D0-384A649B6D58}.Release|ARM64.Build.0 = Release|Any CPU
		{D128267A-C964-4BC1-84D0-384A649B6D58}.Release|ARM64.Deploy.0 = Release|Any CPU
		{D128267A-C964-4BC1-84D0-384A649B6D58}.Release|x64.ActiveCfg = Release|Any CPU
		{D128267A-C964-4BC1-84D0-384A649B6D58}.Release|x64.Build.0 = Release|Any CPU
		{D128267A-C964-4BC1-84D0-384A649B6D58}.Release|x64.Deploy.0 = Release|Any CPU
		{D128267A-C964-4BC1-84D0-384A649B6D58}.Release|x86.ActiveCfg = Release|Any CPU
		{D128267A-C964-4BC1-84D0-384A649B6D58}.Release|x86.Build.0 = Release|Any CPU
		{D128267A-C964-4BC1-84D0-384A649B6D58}.Release|x86.Deploy.0 = Release|Any CPU
		{44135766-9336-48D9-90DF-7D90D8E2F3FF}.Debug|Any CPU.ActiveCfg = Debug|Any CPU
		{44135766-9336-48D9-90DF-7D90D8E2F3FF}.Debug|Any CPU.Build.0 = Debug|Any CPU
		{44135766-9336-48D9-90DF-7D90D8E2F3FF}.Debug|ARM64.ActiveCfg = Debug|Any CPU
		{44135766-9336-48D9-90DF-7D90D8E2F3FF}.Debug|ARM64.Build.0 = Debug|Any CPU
		{44135766-9336-48D9-90DF-7D90D8E2F3FF}.Debug|x64.ActiveCfg = Debug|Any CPU
		{44135766-9336-48D9-90DF-7D90D8E2F3FF}.Debug|x64.Build.0 = Debug|Any CPU
		{44135766-9336-48D9-90DF-7D90D8E2F3FF}.Debug|x86.ActiveCfg = Debug|Any CPU
		{44135766-9336-48D9-90DF-7D90D8E2F3FF}.Debug|x86.Build.0 = Debug|Any CPU
		{44135766-9336-48D9-90DF-7D90D8E2F3FF}.Release|Any CPU.ActiveCfg = Release|Any CPU
		{44135766-9336-48D9-90DF-7D90D8E2F3FF}.Release|Any CPU.Build.0 = Release|Any CPU
		{44135766-9336-48D9-90DF-7D90D8E2F3FF}.Release|ARM64.ActiveCfg = Release|Any CPU
		{44135766-9336-48D9-90DF-7D90D8E2F3FF}.Release|ARM64.Build.0 = Release|Any CPU
		{44135766-9336-48D9-90DF-7D90D8E2F3FF}.Release|x64.ActiveCfg = Release|Any CPU
		{44135766-9336-48D9-90DF-7D90D8E2F3FF}.Release|x64.Build.0 = Release|Any CPU
		{44135766-9336-48D9-90DF-7D90D8E2F3FF}.Release|x86.ActiveCfg = Release|Any CPU
		{44135766-9336-48D9-90DF-7D90D8E2F3FF}.Release|x86.Build.0 = Release|Any CPU
		{38B8E6E2-1AF0-40F2-ABF4-C8C1F160931D}.Debug|Any CPU.ActiveCfg = Debug|Any CPU
		{38B8E6E2-1AF0-40F2-ABF4-C8C1F160931D}.Debug|Any CPU.Build.0 = Debug|Any CPU
		{38B8E6E2-1AF0-40F2-ABF4-C8C1F160931D}.Debug|ARM64.ActiveCfg = Debug|Any CPU
		{38B8E6E2-1AF0-40F2-ABF4-C8C1F160931D}.Debug|ARM64.Build.0 = Debug|Any CPU
		{38B8E6E2-1AF0-40F2-ABF4-C8C1F160931D}.Debug|x64.ActiveCfg = Debug|Any CPU
		{38B8E6E2-1AF0-40F2-ABF4-C8C1F160931D}.Debug|x64.Build.0 = Debug|Any CPU
		{38B8E6E2-1AF0-40F2-ABF4-C8C1F160931D}.Debug|x86.ActiveCfg = Debug|Any CPU
		{38B8E6E2-1AF0-40F2-ABF4-C8C1F160931D}.Debug|x86.Build.0 = Debug|Any CPU
		{38B8E6E2-1AF0-40F2-ABF4-C8C1F160931D}.Release|Any CPU.ActiveCfg = Release|Any CPU
		{38B8E6E2-1AF0-40F2-ABF4-C8C1F160931D}.Release|Any CPU.Build.0 = Release|Any CPU
		{38B8E6E2-1AF0-40F2-ABF4-C8C1F160931D}.Release|ARM64.ActiveCfg = Release|Any CPU
		{38B8E6E2-1AF0-40F2-ABF4-C8C1F160931D}.Release|ARM64.Build.0 = Release|Any CPU
		{38B8E6E2-1AF0-40F2-ABF4-C8C1F160931D}.Release|x64.ActiveCfg = Release|Any CPU
		{38B8E6E2-1AF0-40F2-ABF4-C8C1F160931D}.Release|x64.Build.0 = Release|Any CPU
		{38B8E6E2-1AF0-40F2-ABF4-C8C1F160931D}.Release|x86.ActiveCfg = Release|Any CPU
		{38B8E6E2-1AF0-40F2-ABF4-C8C1F160931D}.Release|x86.Build.0 = Release|Any CPU
		{DBED5F1A-815D-420B-99F7-5287FE6C5198}.Debug|Any CPU.ActiveCfg = Debug|Any CPU
		{DBED5F1A-815D-420B-99F7-5287FE6C5198}.Debug|Any CPU.Build.0 = Debug|Any CPU
		{DBED5F1A-815D-420B-99F7-5287FE6C5198}.Debug|ARM64.ActiveCfg = Debug|Any CPU
		{DBED5F1A-815D-420B-99F7-5287FE6C5198}.Debug|ARM64.Build.0 = Debug|Any CPU
		{DBED5F1A-815D-420B-99F7-5287FE6C5198}.Debug|x64.ActiveCfg = Debug|Any CPU
		{DBED5F1A-815D-420B-99F7-5287FE6C5198}.Debug|x64.Build.0 = Debug|Any CPU
		{DBED5F1A-815D-420B-99F7-5287FE6C5198}.Debug|x86.ActiveCfg = Debug|Any CPU
		{DBED5F1A-815D-420B-99F7-5287FE6C5198}.Debug|x86.Build.0 = Debug|Any CPU
		{DBED5F1A-815D-420B-99F7-5287FE6C5198}.Release|Any CPU.ActiveCfg = Release|Any CPU
		{DBED5F1A-815D-420B-99F7-5287FE6C5198}.Release|Any CPU.Build.0 = Release|Any CPU
		{DBED5F1A-815D-420B-99F7-5287FE6C5198}.Release|ARM64.ActiveCfg = Release|Any CPU
		{DBED5F1A-815D-420B-99F7-5287FE6C5198}.Release|ARM64.Build.0 = Release|Any CPU
		{DBED5F1A-815D-420B-99F7-5287FE6C5198}.Release|x64.ActiveCfg = Release|Any CPU
		{DBED5F1A-815D-420B-99F7-5287FE6C5198}.Release|x64.Build.0 = Release|Any CPU
		{DBED5F1A-815D-420B-99F7-5287FE6C5198}.Release|x86.ActiveCfg = Release|Any CPU
		{DBED5F1A-815D-420B-99F7-5287FE6C5198}.Release|x86.Build.0 = Release|Any CPU
	EndGlobalSection
	GlobalSection(SolutionProperties) = preSolution
		HideSolutionNode = FALSE
	EndGlobalSection
	GlobalSection(NestedProjects) = preSolution
		{07B43F4E-90D3-4A56-9E6A-7D981F1223F9} = {1E9D3077-48AA-4327-ABBD-445DCB348F8E}
		{CFD23358-C296-488A-84BF-6729A72D52C3} = {913B06E8-21BC-4049-9890-FB5AA6736DDA}
		{5748A89E-69F8-45D3-A9C3-8AC3414F2580} = {913B06E8-21BC-4049-9890-FB5AA6736DDA}
		{C76D85BC-1D7B-4800-A03C-F5AADCDF9A9C} = {1E9D3077-48AA-4327-ABBD-445DCB348F8E}
		{C05A2774-CE32-4F55-8ACC-BE3E9151C85F} = {C76D85BC-1D7B-4800-A03C-F5AADCDF9A9C}
		{38B8E6E2-1AF0-40F2-ABF4-C8C1F160931D} = {C76D85BC-1D7B-4800-A03C-F5AADCDF9A9C}
		{0D4E7465-0B84-4CBB-BF91-F23B2E76F527} = {C76D85BC-1D7B-4800-A03C-F5AADCDF9A9C}
		{4EDB5F4A-6CC4-4276-B531-149748FAADD3} = {24625E35-46B9-47DD-AE7C-6B96710A0674}
		{D128267A-C964-4BC1-84D0-384A649B6D58} = {24625E35-46B9-47DD-AE7C-6B96710A0674}
		{44135766-9336-48D9-90DF-7D90D8E2F3FF} = {C76D85BC-1D7B-4800-A03C-F5AADCDF9A9C}
		{38B8E6E2-1AF0-40F2-ABF4-C8C1F160931D} = {C76D85BC-1D7B-4800-A03C-F5AADCDF9A9C}
		{DBED5F1A-815D-420B-99F7-5287FE6C5198} = {C76D85BC-1D7B-4800-A03C-F5AADCDF9A9C}
	EndGlobalSection
	GlobalSection(ExtensibilityGlobals) = postSolution
		SolutionGuid = {7FB4780F-59F9-4357-9D0A-C41B393E8799}
	EndGlobalSection
EndGlobal
